lockfile_version: '1'
generated_at: '2026-04-30T19:32:55.853038+00:00'
dependencies: []
local_deployed_files:
- .claude/commands/ship-status-dev-app.md
- .claude/commands/ship-status-dev-e2e.md
- .claude/commands/ship-status-dev-frontend.md
- .claude/commands/ship-status-dev-lint.md
- .claude/commands/ship-status-dev-migrate.md
- .claude/commands/ship-status-dev-prettier.md
- .claude/commands/ship-status-dev-serve.md
- .claude/commands/ship-status-dev-setup.md
- .claude/commands/ship-status-dev-tests.md
- .claude/rules/backend.md
- .claude/rules/dev-commands.md
- .claude/rules/docs.md
- .claude/rules/frontend.md
- .claude/rules/general.md
- .claude/rules/mcp.md
- .claude/rules/security.md
- .claude/rules/ship-status-dev.md
- .claude/rules/testing.md
- .cursor/commands/ship-status-dev-app.md
- .cursor/commands/ship-status-dev-e2e.md
- .cursor/commands/ship-status-dev-frontend.md
- .cursor/commands/ship-status-dev-lint.md
- .cursor/commands/ship-status-dev-migrate.md
- .cursor/commands/ship-status-dev-prettier.md
- .cursor/commands/ship-status-dev-serve.md
- .cursor/commands/ship-status-dev-setup.md
- .cursor/commands/ship-status-dev-tests.md
- .cursor/rules/backend.mdc
- .cursor/rules/dev-commands.mdc
- .cursor/rules/docs.mdc
- .cursor/rules/frontend.mdc
- .cursor/rules/general.mdc
- .cursor/rules/mcp.mdc
- .cursor/rules/security.mdc
- .cursor/rules/ship-status-dev.mdc
- .cursor/rules/testing.mdc
- .gemini/commands/ship-status-dev-app.toml
- .gemini/commands/ship-status-dev-e2e.toml
- .gemini/commands/ship-status-dev-frontend.toml
- .gemini/commands/ship-status-dev-lint.toml
- .gemini/commands/ship-status-dev-migrate.toml
- .gemini/commands/ship-status-dev-prettier.toml
- .gemini/commands/ship-status-dev-serve.toml
- .gemini/commands/ship-status-dev-setup.toml
- .gemini/commands/ship-status-dev-tests.toml
- .opencode/commands/ship-status-dev-app.md
- .opencode/commands/ship-status-dev-e2e.md
- .opencode/commands/ship-status-dev-frontend.md
- .opencode/commands/ship-status-dev-lint.md
- .opencode/commands/ship-status-dev-migrate.md
- .opencode/commands/ship-status-dev-prettier.md
- .opencode/commands/ship-status-dev-serve.md
- .opencode/commands/ship-status-dev-setup.md
- .opencode/commands/ship-status-dev-tests.md
local_deployed_file_hashes:
  .claude/commands/ship-status-dev-app.md: sha256:399489e7f0c49d44a4e5be73ab27c948c0127c799c4c5d8e29699d30c0e4369e
  .claude/commands/ship-status-dev-e2e.md: sha256:78f1ad93a91934b5f9979e4919d26a3dab21a66a03ece542a7676e19c1b602a2
  .claude/commands/ship-status-dev-frontend.md: sha256:aeb873545eba135332f12f6115c6b6c0a3c8279fdf3a9a15b6ee112480d172d9
  .claude/commands/ship-status-dev-lint.md: sha256:c808f3e457941b90e564553fda8435ad8f87bdbc87d4523a03d0b8ef189e40e7
  .claude/commands/ship-status-dev-migrate.md: sha256:636507ec2efa52bcd48ba6c826dd78a4dc2bdeff479f5cea8e9ef07162010314
  .claude/commands/ship-status-dev-prettier.md: sha256:e1be3c6c942a184385a52d932ee69d46b3ee7303ef1aede2f16068026a41719b
  .claude/commands/ship-status-dev-serve.md: sha256:cf7e90e5ab487fb32ad9e7ca49ad4515a60f9622cc222f4bbecdc150ded8d77b
  .claude/commands/ship-status-dev-setup.md: sha256:b71cfc161980d11cfebc8ac196b146673adf7eda0fc0dfd2ef6f7efec7463405
  .claude/commands/ship-status-dev-tests.md: sha256:a0726615763f8abfbed887949914ecb9f37dd6beb11ce0f1134d93608005c0c2
  .claude/rules/backend.md: sha256:f02c7769329f8ca3e436eede9593213733987b54fa6c25d016bee42f0097cfce
  .claude/rules/dev-commands.md: sha256:41a87926974d5250ef1c48b8a661d57d7c6ff1564ce97d5621eeca965dfda3c7
  .claude/rules/docs.md: sha256:7e48e5063c9f4add7671edccb4d6a35d6133b06adf254950d8d3e3db1cab2d24
  .claude/rules/frontend.md: sha256:8edb5811fee9d843f682aee9b9ff45c296814ba4cd77751cf55c1b322d452347
  .claude/rules/general.md: sha256:f146cc5e11cf25a08f3eca55b092433fc76a5fd6bb1898490bce809658d77389
  .claude/rules/mcp.md: sha256:518f6960b5960101b5d96f17f9913bf90305848c8de9cd3d37caf1dfcd3c1791
  .claude/rules/security.md: sha256:bdddfd498d2bdb192557a51951d28f0879443bc604dcfefb662f900820bb93ad
  .claude/rules/ship-status-dev.md: sha256:4ce34ab00601384e569b2bc032e64e59a55309c603a61254d45c1eb47a17c357
  .claude/rules/testing.md: sha256:53fb5c7bb3090305af7c8ee823bf3150dc93c1c7e8bfbd9f9f999ce61e4b46e7
  .cursor/commands/ship-status-dev-app.md: sha256:399489e7f0c49d44a4e5be73ab27c948c0127c799c4c5d8e29699d30c0e4369e
  .cursor/commands/ship-status-dev-e2e.md: sha256:78f1ad93a91934b5f9979e4919d26a3dab21a66a03ece542a7676e19c1b602a2
  .cursor/commands/ship-status-dev-frontend.md: sha256:aeb873545eba135332f12f6115c6b6c0a3c8279fdf3a9a15b6ee112480d172d9
  .cursor/commands/ship-status-dev-lint.md: sha256:c808f3e457941b90e564553fda8435ad8f87bdbc87d4523a03d0b8ef189e40e7
  .cursor/commands/ship-status-dev-migrate.md: sha256:636507ec2efa52bcd48ba6c826dd78a4dc2bdeff479f5cea8e9ef07162010314
  .cursor/commands/ship-status-dev-prettier.md: sha256:e1be3c6c942a184385a52d932ee69d46b3ee7303ef1aede2f16068026a41719b
  .cursor/commands/ship-status-dev-serve.md: sha256:cf7e90e5ab487fb32ad9e7ca49ad4515a60f9622cc222f4bbecdc150ded8d77b
  .cursor/commands/ship-status-dev-setup.md: sha256:b71cfc161980d11cfebc8ac196b146673adf7eda0fc0dfd2ef6f7efec7463405
  .cursor/commands/ship-status-dev-tests.md: sha256:a0726615763f8abfbed887949914ecb9f37dd6beb11ce0f1134d93608005c0c2
  .cursor/rules/backend.mdc: sha256:3310747d40bbce04acede41c6d0c4244f03d7c81894c99dbc3b30428bbd074ce
  .cursor/rules/dev-commands.mdc: sha256:88bb24810f8713f2be9c460264bc0f1ecf43a80c0456250b5eebf1d44177c43f
  .cursor/rules/docs.mdc: sha256:a3865dc06068a2e11b6765839b539e8a90fb1b94b6921c6af47896afe283fbee
  .cursor/rules/frontend.mdc: sha256:123f283c5380d202f2cd5372bccff6b95de1b9f2c9e7213fb6aaefaf1276daa7
  .cursor/rules/general.mdc: sha256:55baec7d0e5831bb5f3100a618c441d01e814c76aa512897a0fd28a3f78fa20f
  .cursor/rules/mcp.mdc: sha256:ea487f6cb589ad9f91dc0d7d4ba1cff6c519491c6d4b0894bc4f3bd342fd338f
  .cursor/rules/security.mdc: sha256:e97944c6ac4c5f034b73f20aef206f32a92a9403e441b8877c49965baaf15498
  .cursor/rules/ship-status-dev.mdc: sha256:f30f3f9761fe72fc93f4b41788a47494f9adc481d8a829712fb543ddf37ad7fd
  .cursor/rules/testing.mdc: sha256:aa780f044737b47e96ca00fbdd3dadcf062bf8e2d2a08f44e696a17a03ea18de
  .gemini/commands/ship-status-dev-app.toml: sha256:9699fca0ca9b16dba0c9563ba4a65d4f04ce5ca07ca9b88bf1d7e0bb666184d7
  .gemini/commands/ship-status-dev-e2e.toml: sha256:b101d8a4b13b84cc140ff642f8442dc32a6728227271b5adaf49054389cddb00
  .gemini/commands/ship-status-dev-frontend.toml: sha256:54a76f3bc6b15837e7859e97997e6bc3eb31d746ecefae29b8df60db6133fbba
  .gemini/commands/ship-status-dev-lint.toml: sha256:11b98a8799556c6a0d98aa492f672f680f170bf1c9fb7d0dffcb72ad139eff16
  .gemini/commands/ship-status-dev-migrate.toml: sha256:1ee5aab78291727c1f113563fd18515c5e1734fe85a0877cd5906cdc0b96e2ab
  .gemini/commands/ship-status-dev-prettier.toml: sha256:1b6ba798dbf8e0726375bacd904100d86b6c807a4e72876e9c4b2fc8f21ec615
  .gemini/commands/ship-status-dev-serve.toml: sha256:744413a817fb79f1d4f516663ad3d5ff56cb97e14ad7a211d0295c62dcc35f94
  .gemini/commands/ship-status-dev-setup.toml: sha256:9d11a6ba7639be3c280d71b44d7152eaa7b4a59137dd0e8d4b42ff2fbc264f15
  .gemini/commands/ship-status-dev-tests.toml: sha256:80974b1ce63335fde893b1195c97936b002334469910a7dddd65a2fedb956b00
  .opencode/commands/ship-status-dev-app.md: sha256:399489e7f0c49d44a4e5be73ab27c948c0127c799c4c5d8e29699d30c0e4369e
  .opencode/commands/ship-status-dev-e2e.md: sha256:78f1ad93a91934b5f9979e4919d26a3dab21a66a03ece542a7676e19c1b602a2
  .opencode/commands/ship-status-dev-frontend.md: sha256:aeb873545eba135332f12f6115c6b6c0a3c8279fdf3a9a15b6ee112480d172d9
  .opencode/commands/ship-status-dev-lint.md: sha256:c808f3e457941b90e564553fda8435ad8f87bdbc87d4523a03d0b8ef189e40e7
  .opencode/commands/ship-status-dev-migrate.md: sha256:636507ec2efa52bcd48ba6c826dd78a4dc2bdeff479f5cea8e9ef07162010314
  .opencode/commands/ship-status-dev-prettier.md: sha256:e1be3c6c942a184385a52d932ee69d46b3ee7303ef1aede2f16068026a41719b
  .opencode/commands/ship-status-dev-serve.md: sha256:cf7e90e5ab487fb32ad9e7ca49ad4515a60f9622cc222f4bbecdc150ded8d77b
  .opencode/commands/ship-status-dev-setup.md: sha256:b71cfc161980d11cfebc8ac196b146673adf7eda0fc0dfd2ef6f7efec7463405
  .opencode/commands/ship-status-dev-tests.md: sha256:a0726615763f8abfbed887949914ecb9f37dd6beb11ce0f1134d93608005c0c2
